// !$*UTF8*$!
{
	archiveVersion = 1;
	classes = {
	};
	objectVersion = 56;
	objects = {

/* Begin PBXBuildFile section */
		8A36DC742C2008C500CF941E /* WBApp.swift in Sources */ = {isa = PBXBuildFile; fileRef = 8A36DC732C2008C500CF941E /* WBApp.swift */; };
		8A36DC762C2008C500CF941E /* ContentView.swift in Sources */ = {isa = PBXBuildFile; fileRef = 8A36DC752C2008C500CF941E /* ContentView.swift */; };
		8A36DC782C2008C700CF941E /* Assets.xcassets in Resources */ = {isa = PBXBuildFile; fileRef = 8A36DC772C2008C700CF941E /* Assets.xcassets */; };
		8A36DC7B2C2008C700CF941E /* Preview Assets.xcassets in Resources */ = {isa = PBXBuildFile; fileRef = 8A36DC7A2C2008C700CF941E /* Preview Assets.xcassets */; };
		8A36DC822C2057DF00CF941E /* VerificationView.swift in Sources */ = {isa = PBXBuildFile; fileRef = 8A36DC812C2057DF00CF941E /* VerificationView.swift */; };
		8A36DC842C20893200CF941E /* OnboardingScreen.swift in Sources */ = {isa = PBXBuildFile; fileRef = 8A36DC832C20893200CF941E /* OnboardingScreen.swift */; };
		8A9570C32C2FDF1E0081DB32 /* ContentView_TabView.swift in Sources */ = {isa = PBXBuildFile; fileRef = 8A9570C22C2FDF1E0081DB32 /* ContentView_TabView.swift */; };
		8A9570C62C2FE17C0081DB32 /* ContactScreen.swift in Sources */ = {isa = PBXBuildFile; fileRef = 8A9570C52C2FE17C0081DB32 /* ContactScreen.swift */; };
		8A9570C82C2FE18E0081DB32 /* ContactRow.swift in Sources */ = {isa = PBXBuildFile; fileRef = 8A9570C72C2FE18E0081DB32 /* ContactRow.swift */; };
		8A9570CA2C2FE1980081DB32 /* SearchBarView.swift in Sources */ = {isa = PBXBuildFile; fileRef = 8A9570C92C2FE1980081DB32 /* SearchBarView.swift */; };
		8A9570CC2C2FE1D70081DB32 /* ChatScreen.swift in Sources */ = {isa = PBXBuildFile; fileRef = 8A9570CB2C2FE1D70081DB32 /* ChatScreen.swift */; };
		8A9570CE2C2FE1E00081DB32 /* MoreScreen.swift in Sources */ = {isa = PBXBuildFile; fileRef = 8A9570CD2C2FE1E00081DB32 /* MoreScreen.swift */; };
		8A9570D02C2FF2D30081DB32 /* Resources.swift in Sources */ = {isa = PBXBuildFile; fileRef = 8A9570CF2C2FF2D30081DB32 /* Resources.swift */; };
		8A9570D32C2FFA540081DB32 /* Contacts.swift in Sources */ = {isa = PBXBuildFile; fileRef = 8A9570D22C2FFA540081DB32 /* Contacts.swift */; };
		8A9570D62C30153A0081DB32 /* AvatarView.swift in Sources */ = {isa = PBXBuildFile; fileRef = 8A9570D52C30153A0081DB32 /* AvatarView.swift */; };
		8AE830292C3D034E00271CEA /* ProfileAccountView.swift in Sources */ = {isa = PBXBuildFile; fileRef = 8AE830282C3D034E00271CEA /* ProfileAccountView.swift */; };
/* End PBXBuildFile section */

/* Begin PBXFileReference section */
		8A36DC702C2008C500CF941E /* WB.app */ = {isa = PBXFileReference; explicitFileType = wrapper.application; includeInIndex = 0; path = WB.app; sourceTree = BUILT_PRODUCTS_DIR; };
		8A36DC732C2008C500CF941E /* WBApp.swift */ = {isa = PBXFileReference; lastKnownFileType = sourcecode.swift; path = WBApp.swift; sourceTree = "<group>"; };
		8A36DC752C2008C500CF941E /* ContentView.swift */ = {isa = PBXFileReference; lastKnownFileType = sourcecode.swift; path = ContentView.swift; sourceTree = "<group>"; };
		8A36DC772C2008C700CF941E /* Assets.xcassets */ = {isa = PBXFileReference; lastKnownFileType = folder.assetcatalog; path = Assets.xcassets; sourceTree = "<group>"; };
		8A36DC7A2C2008C700CF941E /* Preview Assets.xcassets */ = {isa = PBXFileReference; lastKnownFileType = folder.assetcatalog; path = "Preview Assets.xcassets"; sourceTree = "<group>"; };
		8A36DC812C2057DF00CF941E /* VerificationView.swift */ = {isa = PBXFileReference; lastKnownFileType = sourcecode.swift; path = VerificationView.swift; sourceTree = "<group>"; };
		8A36DC832C20893200CF941E /* OnboardingScreen.swift */ = {isa = PBXFileReference; lastKnownFileType = sourcecode.swift; path = OnboardingScreen.swift; sourceTree = "<group>"; };
		8A9570C22C2FDF1E0081DB32 /* ContentView_TabView.swift */ = {isa = PBXFileReference; lastKnownFileType = sourcecode.swift; path = ContentView_TabView.swift; sourceTree = "<group>"; };
		8A9570C52C2FE17C0081DB32 /* ContactScreen.swift */ = {isa = PBXFileReference; lastKnownFileType = sourcecode.swift; path = ContactScreen.swift; sourceTree = "<group>"; };
		8A9570C72C2FE18E0081DB32 /* ContactRow.swift */ = {isa = PBXFileReference; lastKnownFileType = sourcecode.swift; path = ContactRow.swift; sourceTree = "<group>"; };
		8A9570C92C2FE1980081DB32 /* SearchBarView.swift */ = {isa = PBXFileReference; lastKnownFileType = sourcecode.swift; path = SearchBarView.swift; sourceTree = "<group>"; };
		8A9570CB2C2FE1D70081DB32 /* ChatScreen.swift */ = {isa = PBXFileReference; lastKnownFileType = sourcecode.swift; path = ChatScreen.swift; sourceTree = "<group>"; };
		8A9570CD2C2FE1E00081DB32 /* MoreScreen.swift */ = {isa = PBXFileReference; lastKnownFileType = sourcecode.swift; path = MoreScreen.swift; sourceTree = "<group>"; };
		8A9570CF2C2FF2D30081DB32 /* Resources.swift */ = {isa = PBXFileReference; lastKnownFileType = sourcecode.swift; path = Resources.swift; sourceTree = "<group>"; };
		8A9570D22C2FFA540081DB32 /* Contacts.swift */ = {isa = PBXFileReference; lastKnownFileType = sourcecode.swift; path = Contacts.swift; sourceTree = "<group>"; };
		8A9570D52C30153A0081DB32 /* AvatarView.swift */ = {isa = PBXFileReference; lastKnownFileType = sourcecode.swift; path = AvatarView.swift; sourceTree = "<group>"; };
		8AE830282C3D034E00271CEA /* ProfileAccountView.swift */ = {isa = PBXFileReference; lastKnownFileType = sourcecode.swift; path = ProfileAccountView.swift; sourceTree = "<group>"; };
/* End PBXFileReference section */

/* Begin PBXFrameworksBuildPhase section */
		8A36DC6D2C2008C500CF941E /* Frameworks */ = {
			isa = PBXFrameworksBuildPhase;
			buildActionMask = 2147483647;
			files = (
			);
			runOnlyForDeploymentPostprocessing = 0;
		};
/* End PBXFrameworksBuildPhase section */

/* Begin PBXGroup section */
		8A36DC672C2008C500CF941E = {
			isa = PBXGroup;
			children = (
				8A36DC722C2008C500CF941E /* WB */,
				8A36DC712C2008C500CF941E /* Products */,
			);
			sourceTree = "<group>";
		};
		8A36DC712C2008C500CF941E /* Products */ = {
			isa = PBXGroup;
			children = (
				8A36DC702C2008C500CF941E /* WB.app */,
			);
			name = Products;
			sourceTree = "<group>";
		};
		8A36DC722C2008C500CF941E /* WB */ = {
			isa = PBXGroup;
			children = (
				8A36DC752C2008C500CF941E /* ContentView.swift */,
				8A36DC882C208BF500CF941E /* Screens */,
				8A9570D42C30151F0081DB32 /* CustomView */,
				8A9570D12C2FFA400081DB32 /* Models */,
				8A36DC852C208B8400CF941E /* Support */,
				8A36DC862C208B9300CF941E /* Resources */,
				8A36DC872C208BA300CF941E /* View */,
				8A36DC792C2008C700CF941E /* Preview Content */,
			);
			path = WB;
			sourceTree = "<group>";
		};
		8A36DC792C2008C700CF941E /* Preview Content */ = {
			isa = PBXGroup;
			children = (
				8A36DC7A2C2008C700CF941E /* Preview Assets.xcassets */,
			);
			path = "Preview Content";
			sourceTree = "<group>";
		};
		8A36DC852C208B8400CF941E /* Support */ = {
			isa = PBXGroup;
			children = (
				8A36DC732C2008C500CF941E /* WBApp.swift */,
			);
			path = Support;
			sourceTree = "<group>";
		};
		8A36DC862C208B9300CF941E /* Resources */ = {
			isa = PBXGroup;
			children = (
				8A36DC772C2008C700CF941E /* Assets.xcassets */,
				8A9570CF2C2FF2D30081DB32 /* Resources.swift */,
			);
			path = Resources;
			sourceTree = "<group>";
		};
		8A36DC872C208BA300CF941E /* View */ = {
			isa = PBXGroup;
			children = (
				8A9570C22C2FDF1E0081DB32 /* ContentView_TabView.swift */,
				8A36DC812C2057DF00CF941E /* VerificationView.swift */,
				8AE830282C3D034E00271CEA /* ProfileAccountView.swift */,
			);
			path = View;
			sourceTree = "<group>";
		};
		8A36DC882C208BF500CF941E /* Screens */ = {
			isa = PBXGroup;
			children = (
				8AE830272C3D01DE00271CEA /* More */,
				8AE830262C3D01D800271CEA /* Chat */,
				8AE830252C3D01C400271CEA /* Onboarding */,
				8A9570C42C2FE16D0081DB32 /* Contacts */,
			);
			path = Screens;
			sourceTree = "<group>";
		};
		8A9570C42C2FE16D0081DB32 /* Contacts */ = {
			isa = PBXGroup;
			children = (
				8A9570C52C2FE17C0081DB32 /* ContactScreen.swift */,
				8A9570C72C2FE18E0081DB32 /* ContactRow.swift */,
				8A9570C92C2FE1980081DB32 /* SearchBarView.swift */,
			);
			path = Contacts;
			sourceTree = "<group>";
		};
		8A9570D12C2FFA400081DB32 /* Models */ = {
			isa = PBXGroup;
			children = (
				8A9570D22C2FFA540081DB32 /* Contacts.swift */,
			);
			path = Models;
			sourceTree = "<group>";
		};
		8A9570D42C30151F0081DB32 /* CustomView */ = {
			isa = PBXGroup;
			children = (
				8A9570D52C30153A0081DB32 /* AvatarView.swift */,
			);
			path = CustomView;
			sourceTree = "<group>";
		};
		8AE830252C3D01C400271CEA /* Onboarding */ = {
			isa = PBXGroup;
			children = (
				8A36DC832C20893200CF941E /* OnboardingScreen.swift */,
			);
			path = Onboarding;
			sourceTree = "<group>";
		};
		8AE830262C3D01D800271CEA /* Chat */ = {
			isa = PBXGroup;
			children = (
				8A9570CB2C2FE1D70081DB32 /* ChatScreen.swift */,
			);
			path = Chat;
			sourceTree = "<group>";
		};
		8AE830272C3D01DE00271CEA /* More */ = {
			isa = PBXGroup;
			children = (
				8A9570CD2C2FE1E00081DB32 /* MoreScreen.swift */,
			);
			path = More;
			sourceTree = "<group>";
		};
/* End PBXGroup section */

/* Begin PBXNativeTarget section */
		8A36DC6F2C2008C500CF941E /* WB */ = {
			isa = PBXNativeTarget;
			buildConfigurationList = 8A36DC7E2C2008C700CF941E /* Build configuration list for PBXNativeTarget "WB" */;
			buildPhases = (
				8A36DC6C2C2008C500CF941E /* Sources */,
				8A36DC6D2C2008C500CF941E /* Frameworks */,
				8A36DC6E2C2008C500CF941E /* Resources */,
			);
			buildRules = (
			);
			dependencies = (
			);
			name = WB;
			productName = WB;
			productReference = 8A36DC702C2008C500CF941E /* WB.app */;
			productType = "com.apple.product-type.application";
		};
/* End PBXNativeTarget section */

/* Begin PBXProject section */
		8A36DC682C2008C500CF941E /* Project object */ = {
			isa = PBXProject;
			attributes = {
				BuildIndependentTargetsInParallel = 1;
				LastSwiftUpdateCheck = 1530;
				LastUpgradeCheck = 1530;
				TargetAttributes = {
					8A36DC6F2C2008C500CF941E = {
						CreatedOnToolsVersion = 15.3;
					};
				};
			};
			buildConfigurationList = 8A36DC6B2C2008C500CF941E /* Build configuration list for PBXProject "WB" */;
			compatibilityVersion = "Xcode 14.0";
			developmentRegion = en;
			hasScannedForEncodings = 0;
			knownRegions = (
				en,
				Base,
			);
			mainGroup = 8A36DC672C2008C500CF941E;
			productRefGroup = 8A36DC712C2008C500CF941E /* Products */;
			projectDirPath = "";
			projectRoot = "";
			targets = (
				8A36DC6F2C2008C500CF941E /* WB */,
			);
		};
/* End PBXProject section */

/* Begin PBXResourcesBuildPhase section */
		8A36DC6E2C2008C500CF941E /* Resources */ = {
			isa = PBXResourcesBuildPhase;
			buildActionMask = 2147483647;
			files = (
				8A36DC7B2C2008C700CF941E /* Preview Assets.xcassets in Resources */,
				8A36DC782C2008C700CF941E /* Assets.xcassets in Resources */,
			);
			runOnlyForDeploymentPostprocessing = 0;
		};
/* End PBXResourcesBuildPhase section */

/* Begin PBXSourcesBuildPhase section */
		8A36DC6C2C2008C500CF941E /* Sources */ = {
			isa = PBXSourcesBuildPhase;
			buildActionMask = 2147483647;
			files = (
				8A36DC842C20893200CF941E /* OnboardingScreen.swift in Sources */,
				8A9570CE2C2FE1E00081DB32 /* MoreScreen.swift in Sources */,
				8A9570CC2C2FE1D70081DB32 /* ChatScreen.swift in Sources */,
				8A9570CA2C2FE1980081DB32 /* SearchBarView.swift in Sources */,
				8A9570D62C30153A0081DB32 /* AvatarView.swift in Sources */,
				8A36DC822C2057DF00CF941E /* VerificationView.swift in Sources */,
				8A36DC762C2008C500CF941E /* ContentView.swift in Sources */,
				8A36DC742C2008C500CF941E /* WBApp.swift in Sources */,
				8A9570C62C2FE17C0081DB32 /* ContactScreen.swift in Sources */,
				8A9570D32C2FFA540081DB32 /* Contacts.swift in Sources */,
				8AE830292C3D034E00271CEA /* ProfileAccountView.swift in Sources */,
				8A9570D02C2FF2D30081DB32 /* Resources.swift in Sources */,
				8A9570C32C2FDF1E0081DB32 /* ContentView_TabView.swift in Sources */,
				8A9570C82C2FE18E0081DB32 /* ContactRow.swift in Sources */,
			);
			runOnlyForDeploymentPostprocessing = 0;
		};
/* End PBXSourcesBuildPhase section */

/* Begin XCBuildConfiguration section */
		8A36DC7C2C2008C700CF941E /* Debug */ = {
			isa = XCBuildConfiguration;
			buildSettings = {
				ALWAYS_SEARCH_USER_PATHS = NO;
				ASSETCATALOG_COMPILER_GENERATE_SWIFT_ASSET_SYMBOL_EXTENSIONS = YES;
				CLANG_ANALYZER_NONNULL = YES;
				CLANG_ANALYZER_NUMBER_OBJECT_CONVERSION = YES_AGGRESSIVE;
				CLANG_CXX_LANGUAGE_STANDARD = "gnu++20";
				CLANG_ENABLE_MODULES = YES;
				CLANG_ENABLE_OBJC_ARC = YES;
				CLANG_ENABLE_OBJC_WEAK = YES;
				CLANG_WARN_BLOCK_CAPTURE_AUTORELEASING = YES;
				CLANG_WARN_BOOL_CONVERSION = YES;
				CLANG_WARN_COMMA = YES;
				CLANG_WARN_CONSTANT_CONVERSION = YES;
				CLANG_WARN_DEPRECATED_OBJC_IMPLEMENTATIONS = YES;
				CLANG_WARN_DIRECT_OBJC_ISA_USAGE = YES_ERROR;
				CLANG_WARN_DOCUMENTATION_COMMENTS = YES;
				CLANG_WARN_EMPTY_BODY = YES;
				CLANG_WARN_ENUM_CONVERSION = YES;
				CLANG_WARN_INFINITE_RECURSION = YES;
				CLANG_WARN_INT_CONVERSION = YES;
				CLANG_WARN_NON_LITERAL_NULL_CONVERSION = YES;
				CLANG_WARN_OBJC_IMPLICIT_RETAIN_SELF = YES;
				CLANG_WARN_OBJC_LITERAL_CONVERSION = YES;
				CLANG_WARN_OBJC_ROOT_CLASS = YES_ERROR;
				CLANG_WARN_QUOTED_INCLUDE_IN_FRAMEWORK_HEADER = YES;
				CLANG_WARN_RANGE_LOOP_ANALYSIS = YES;
				CLANG_WARN_STRICT_PROTOTYPES = YES;
				CLANG_WARN_SUSPICIOUS_MOVE = YES;
				CLANG_WARN_UNGUARDED_AVAILABILITY = YES_AGGRESSIVE;
				CLANG_WARN_UNREACHABLE_CODE = YES;
				CLANG_WARN__DUPLICATE_METHOD_MATCH = YES;
				COPY_PHASE_STRIP = NO;
				DEBUG_INFORMATION_FORMAT = dwarf;
				ENABLE_STRICT_OBJC_MSGSEND = YES;
				ENABLE_TESTABILITY = YES;
				ENABLE_USER_SCRIPT_SANDBOXING = YES;
				GCC_C_LANGUAGE_STANDARD = gnu17;
				GCC_DYNAMIC_NO_PIC = NO;
				GCC_NO_COMMON_BLOCKS = YES;
				GCC_OPTIMIZATION_LEVEL = 0;
				GCC_PREPROCESSOR_DEFINITIONS = (
					"DEBUG=1",
					"$(inherited)",
				);
				GCC_WARN_64_TO_32_BIT_CONVERSION = YES;
				GCC_WARN_ABOUT_RETURN_TYPE = YES_ERROR;
				GCC_WARN_UNDECLARED_SELECTOR = YES;
				GCC_WARN_UNINITIALIZED_AUTOS = YES_AGGRESSIVE;
				GCC_WARN_UNUSED_FUNCTION = YES;
				GCC_WARN_UNUSED_VARIABLE = YES;
				IPHONEOS_DEPLOYMENT_TARGET = 17.4;
				LOCALIZATION_PREFERS_STRING_CATALOGS = YES;
				MTL_ENABLE_DEBUG_INFO = INCLUDE_SOURCE;
				MTL_FAST_MATH = YES;
				ONLY_ACTIVE_ARCH = YES;
				SDKROOT = iphoneos;
				SWIFT_ACTIVE_COMPILATION_CONDITIONS = "DEBUG $(inherited)";
				SWIFT_OPTIMIZATION_LEVEL = "-Onone";
			};
			name = Debug;
		};
		8A36DC7D2C2008C700CF941E /* Release */ = {
			isa = XCBuildConfiguration;
			buildSettings = {
				ALWAYS_SEARCH_USER_PATHS = NO;
				ASSETCATALOG_COMPILER_GENERATE_SWIFT_ASSET_SYMBOL_EXTENSIONS = YES;
				CLANG_ANALYZER_NONNULL = YES;
				CLANG_ANALYZER_NUMBER_OBJECT_CONVERSION = YES_AGGRESSIVE;
				CLANG_CXX_LANGUAGE_STANDARD = "gnu++20";
				CLANG_ENABLE_MODULES = YES;
				CLANG_ENABLE_OBJC_ARC = YES;
				CLANG_ENABLE_OBJC_WEAK = YES;
				CLANG_WARN_BLOCK_CAPTURE_AUTORELEASING = YES;
				CLANG_WARN_BOOL_CONVERSION = YES;
				CLANG_WARN_COMMA = YES;
				CLANG_WARN_CONSTANT_CONVERSION = YES;
				CLANG_WARN_DEPRECATED_OBJC_IMPLEMENTATIONS = YES;
				CLANG_WARN_DIRECT_OBJC_ISA_USAGE = YES_ERROR;
				CLANG_WARN_DOCUMENTATION_COMMENTS = YES;
				CLANG_WARN_EMPTY_BODY = YES;
				CLANG_WARN_ENUM_CONVERSION = YES;
				CLANG_WARN_INFINITE_RECURSION = YES;
				CLANG_WARN_INT_CONVERSION = YES;
				CLANG_WARN_NON_LITERAL_NULL_CONVERSION = YES;
				CLANG_WARN_OBJC_IMPLICIT_RETAIN_SELF = YES;
				CLANG_WARN_OBJC_LITERAL_CONVERSION = YES;
				CLANG_WARN_OBJC_ROOT_CLASS = YES_ERROR;
				CLANG_WARN_QUOTED_INCLUDE_IN_FRAMEWORK_HEADER = YES;
				CLANG_WARN_RANGE_LOOP_ANALYSIS = YES;
				CLANG_WARN_STRICT_PROTOTYPES = YES;
				CLANG_WARN_SUSPICIOUS_MOVE = YES;
				CLANG_WARN_UNGUARDED_AVAILABILITY = YES_AGGRESSIVE;
				CLANG_WARN_UNREACHABLE_CODE = YES;
				CLANG_WARN__DUPLICATE_METHOD_MATCH = YES;
				COPY_PHASE_STRIP = NO;
				DEBUG_INFORMATION_FORMAT = "dwarf-with-dsym";
				ENABLE_NS_ASSERTIONS = NO;
				ENABLE_STRICT_OBJC_MSGSEND = YES;
				ENABLE_USER_SCRIPT_SANDBOXING = YES;
				GCC_C_LANGUAGE_STANDARD = gnu17;
				GCC_NO_COMMON_BLOCKS = YES;
				GCC_WARN_64_TO_32_BIT_CONVERSION = YES;
				GCC_WARN_ABOUT_RETURN_TYPE = YES_ERROR;
				GCC_WARN_UNDECLARED_SELECTOR = YES;
				GCC_WARN_UNINITIALIZED_AUTOS = YES_AGGRESSIVE;
				GCC_WARN_UNUSED_FUNCTION = YES;
				GCC_WARN_UNUSED_VARIABLE = YES;
				IPHONEOS_DEPLOYMENT_TARGET = 17.4;
				LOCALIZATION_PREFERS_STRING_CATALOGS = YES;
				MTL_ENABLE_DEBUG_INFO = NO;
				MTL_FAST_MATH = YES;
				SDKROOT = iphoneos;
				SWIFT_COMPILATION_MODE = wholemodule;
				VALIDATE_PRODUCT = YES;
			};
			name = Release;
		};
		8A36DC7F2C2008C700CF941E /* Debug */ = {
			isa = XCBuildConfiguration;
			buildSettings = {
				ASSETCATALOG_COMPILER_APPICON_NAME = AppIcon;
				ASSETCATALOG_COMPILER_GLOBAL_ACCENT_COLOR_NAME = AccentColor;
				CODE_SIGN_STYLE = Automatic;
				CURRENT_PROJECT_VERSION = 1;
				DEVELOPMENT_ASSET_PATHS = "\"WB/Preview Content\"";
				DEVELOPMENT_TEAM = PQM24VR9VQ;
				ENABLE_PREVIEWS = YES;
				GENERATE_INFOPLIST_FILE = YES;
				INFOPLIST_KEY_UIApplicationSceneManifest_Generation = YES;
				INFOPLIST_KEY_UIApplicationSupportsIndirectInputEvents = YES;
				INFOPLIST_KEY_UILaunchScreen_Generation = YES;
				INFOPLIST_KEY_UISupportedInterfaceOrientations_iPad = "UIInterfaceOrientationPortrait UIInterfaceOrientationPortraitUpsideDown UIInterfaceOrientationLandscapeLeft UIInterfaceOrientationLandscapeRight";
				INFOPLIST_KEY_UISupportedInterfaceOrientations_iPhone = "UIInterfaceOrientationPortrait UIInterfaceOrientationLandscapeLeft UIInterfaceOrientationLandscapeRight";
				LD_RUNPATH_SEARCH_PATHS = (
					"$(inherited)",
					"@executable_path/Frameworks",
				);
				MARKETING_VERSION = 1.0;
				PRODUCT_BUNDLE_IDENTIFIER = com.WB;
				PRODUCT_NAME = "$(TARGET_NAME)";
				SWIFT_EMIT_LOC_STRINGS = YES;
				SWIFT_VERSION = 5.0;
				TARGETED_DEVICE_FAMILY = "1,2";
			};
			name = Debug;
		};
		8A36DC802C2008C700CF941E /* Release */ = {
			isa = XCBuildConfiguration;
			buildSettings = {
				ASSETCATALOG_COMPILER_APPICON_NAME = AppIcon;
				ASSETCATALOG_COMPILER_GLOBAL_ACCENT_COLOR_NAME = AccentColor;
				CODE_SIGN_STYLE = Automatic;
				CURRENT_PROJECT_VERSION = 1;
				DEVELOPMENT_ASSET_PATHS = "\"WB/Preview Content\"";
				DEVELOPMENT_TEAM = PQM24VR9VQ;
				ENABLE_PREVIEWS = YES;
				GENERATE_INFOPLIST_FILE = YES;
				INFOPLIST_KEY_UIApplicationSceneManifest_Generation = YES;
				INFOPLIST_KEY_UIApplicationSupportsIndirectInputEvents = YES;
				INFOPLIST_KEY_UILaunchScreen_Generation = YES;
				INFOPLIST_KEY_UISupportedInterfaceOrientations_iPad = "UIInterfaceOrientationPortrait UIInterfaceOrientationPortraitUpsideDown UIInterfaceOrientationLandscapeLeft UIInterfaceOrientationLandscapeRight";
				INFOPLIST_KEY_UISupportedInterfaceOrientations_iPhone = "UIInterfaceOrientationPortrait UIInterfaceOrientationLandscapeLeft UIInterfaceOrientationLandscapeRight";
				LD_RUNPATH_SEARCH_PATHS = (
					"$(inherited)",
					"@executable_path/Frameworks",
				);
				MARKETING_VERSION = 1.0;
				PRODUCT_BUNDLE_IDENTIFIER = com.WB;
				PRODUCT_NAME = "$(TARGET_NAME)";
				SWIFT_EMIT_LOC_STRINGS = YES;
				SWIFT_VERSION = 5.0;
				TARGETED_DEVICE_FAMILY = "1,2";
			};
			name = Release;
		};
/* End XCBuildConfiguration section */

/* Begin XCConfigurationList section */
		8A36DC6B2C2008C500CF941E /* Build configuration list for PBXProject "WB" */ = {
			isa = XCConfigurationList;
			buildConfigurations = (
				8A36DC7C2C2008C700CF941E /* Debug */,
				8A36DC7D2C2008C700CF941E /* Release */,
			);
			defaultConfigurationIsVisible = 0;
			defaultConfigurationName = Release;
		};
		8A36DC7E2C2008C700CF941E /* Build configuration list for PBXNativeTarget "WB" */ = {
			isa = XCConfigurationList;
			buildConfigurations = (
				8A36DC7F2C2008C700CF941E /* Debug */,
				8A36DC802C2008C700CF941E /* Release */,
			);
			defaultConfigurationIsVisible = 0;
			defaultConfigurationName = Release;
		};
/* End XCConfigurationList section */
	};
	rootObject = 8A36DC682C2008C500CF941E /* Project object */;
}
